
Microsoft Visual Studio Solution File, Format Version 12.00
# Visual Studio 14
VisualStudioVersion = 14.0.25420.1
MinimumVisualStudioVersion = 10.0.40219.1
Project("{2150E333-8FDC-42A3-9474-1A3956D46DE8}") = "Panda.Common", "Panda.Common", "{E133B8BA-E938-4842-897B-88FAD482478F}"
EndProject
Project("{2150E333-8FDC-42A3-9474-1A3956D46DE8}") = "Panda.UI", "Panda.UI", "{F4F63FDF-B8F3-425F-9F46-50AD8974B641}"
EndProject
Project("{2150E333-8FDC-42A3-9474-1A3956D46DE8}") = "Panda.AppService", "Panda.AppService", "{ECD85AB7-29A1-456E-999D-78A6C29BD345}"
EndProject
Project("{FAE04EC0-301F-11D3-BF4B-00C04F79EFBC}") = "Panda.Code", "Panda.Code\Panda.Code.csproj", "{21069099-A960-4D91-A59C-EE59516FD52C}"
EndProject
Project("{FAE04EC0-301F-11D3-BF4B-00C04F79EFBC}") = "Panda.Data", "Panda.Data\Panda.Data.csproj", "{35E96BA2-1BCE-4867-A878-F2F71D65CCEF}"
EndProject
Project("{FAE04EC0-301F-11D3-BF4B-00C04F79EFBC}") = "Panda.Web", "Panda.Web\Panda.Web.csproj", "{865E7DA5-F2E2-4C7C-93C5-4B628571F08B}"
EndProject
Project("{FAE04EC0-301F-11D3-BF4B-00C04F79EFBC}") = "Panda.Application", "Panda.Application\Panda.Application.csproj", "{626AEBC0-22CA-422C-AF63-A9FFA374C74A}"
EndProject
Project("{FAE04EC0-301F-11D3-BF4B-00C04F79EFBC}") = "Panda.Mapping", "Panda.Mapping\Panda.Mapping.csproj", "{C20E9807-C094-4163-A828-F7F57B729D9D}"
EndProject
Project("{FAE04EC0-301F-11D3-BF4B-00C04F79EFBC}") = "Panda.Repository", "Panda.Repository\Panda.Repository.csproj", "{F4551C31-9557-4BD3-9E66-512A54408123}"
EndProject
Project("{FAE04EC0-301F-11D3-BF4B-00C04F79EFBC}") = "Panda.Domain", "Panda.Domain\Panda.Domain.csproj", "{1381896D-4E9A-4B5B-8822-193165F90D30}"
EndProject
Global
	GlobalSection(SolutionConfigurationPlatforms) = preSolution
		Debug|Any CPU = Debug|Any CPU
		Release|Any CPU = Release|Any CPU
	EndGlobalSection
	GlobalSection(ProjectConfigurationPlatforms) = postSolution
		{21069099-A960-4D91-A59C-EE59516FD52C}.Debug|Any CPU.ActiveCfg = Debug|Any CPU
		{21069099-A960-4D91-A59C-EE59516FD52C}.Debug|Any CPU.Build.0 = Debug|Any CPU
		{21069099-A960-4D91-A59C-EE59516FD52C}.Release|Any CPU.ActiveCfg = Release|Any CPU
		{21069099-A960-4D91-A59C-EE59516FD52C}.Release|Any CPU.Build.0 = Release|Any CPU
		{35E96BA2-1BCE-4867-A878-F2F71D65CCEF}.Debug|Any CPU.ActiveCfg = Debug|Any CPU
		{35E96BA2-1BCE-4867-A878-F2F71D65CCEF}.Debug|Any CPU.Build.0 = Debug|Any CPU
		{35E96BA2-1BCE-4867-A878-F2F71D65CCEF}.Release|Any CPU.ActiveCfg = Release|Any CPU
		{35E96BA2-1BCE-4867-A878-F2F71D65CCEF}.Release|Any CPU.Build.0 = Release|Any CPU
		{865E7DA5-F2E2-4C7C-93C5-4B628571F08B}.Debug|Any CPU.ActiveCfg = Debug|Any CPU
		{865E7DA5-F2E2-4C7C-93C5-4B628571F08B}.Debug|Any CPU.Build.0 = Debug|Any CPU
		{865E7DA5-F2E2-4C7C-93C5-4B628571F08B}.Release|Any CPU.ActiveCfg = Release|Any CPU
		{865E7DA5-F2E2-4C7C-93C5-4B628571F08B}.Release|Any CPU.Build.0 = Release|Any CPU
		{626AEBC0-22CA-422C-AF63-A9FFA374C74A}.Debug|Any CPU.ActiveCfg = Debug|Any CPU
		{626AEBC0-22CA-422C-AF63-A9FFA374C74A}.Debug|Any CPU.Build.0 = Debug|Any CPU
		{626AEBC0-22CA-422C-AF63-A9FFA374C74A}.Release|Any CPU.ActiveCfg = Release|Any CPU
		{626AEBC0-22CA-422C-AF63-A9FFA374C74A}.Release|Any CPU.Build.0 = Release|Any CPU
		{C20E9807-C094-4163-A828-F7F57B729D9D}.Debug|Any CPU.ActiveCfg = Debug|Any CPU
		{C20E9807-C094-4163-A828-F7F57B729D9D}.Debug|Any CPU.Build.0 = Debug|Any CPU
		{C20E9807-C094-4163-A828-F7F57B729D9D}.Release|Any CPU.ActiveCfg = Release|Any CPU
		{C20E9807-C094-4163-A828-F7F57B729D9D}.Release|Any CPU.Build.0 = Release|Any CPU
		{F4551C31-9557-4BD3-9E66-512A54408123}.Debug|Any CPU.ActiveCfg = Debug|Any CPU
		{F4551C31-9557-4BD3-9E66-512A54408123}.Debug|Any CPU.Build.0 = Debug|Any CPU
		{F4551C31-9557-4BD3-9E66-512A54408123}.Release|Any CPU.ActiveCfg = Release|Any CPU
		{F4551C31-9557-4BD3-9E66-512A54408123}.Release|Any CPU.Build.0 = Release|Any CPU
		{1381896D-4E9A-4B5B-8822-193165F90D30}.Debug|Any CPU.ActiveCfg = Debug|Any CPU
		{1381896D-4E9A-4B5B-8822-193165F90D30}.Debug|Any CPU.Build.0 = Debug|Any CPU
		{1381896D-4E9A-4B5B-8822-193165F90D30}.Release|Any CPU.ActiveCfg = Release|Any CPU
		{1381896D-4E9A-4B5B-8822-193165F90D30}.Release|Any CPU.Build.0 = Release|Any CPU
	EndGlobalSection
	GlobalSection(SolutionProperties) = preSolution
		HideSolutionNode = FALSE
	EndGlobalSection
	GlobalSection(NestedProjects) = preSolution
		{21069099-A960-4D91-A59C-EE59516FD52C} = {E133B8BA-E938-4842-897B-88FAD482478F}
		{35E96BA2-1BCE-4867-A878-F2F71D65CCEF} = {E133B8BA-E938-4842-897B-88FAD482478F}
		{865E7DA5-F2E2-4C7C-93C5-4B628571F08B} = {F4F63FDF-B8F3-425F-9F46-50AD8974B641}
		{626AEBC0-22CA-422C-AF63-A9FFA374C74A} = {ECD85AB7-29A1-456E-999D-78A6C29BD345}
		{C20E9807-C094-4163-A828-F7F57B729D9D} = {ECD85AB7-29A1-456E-999D-78A6C29BD345}
		{F4551C31-9557-4BD3-9E66-512A54408123} = {ECD85AB7-29A1-456E-999D-78A6C29BD345}
		{1381896D-4E9A-4B5B-8822-193165F90D30} = {ECD85AB7-29A1-456E-999D-78A6C29BD345}
	EndGlobalSection
EndGlobal
